
Microsoft Visual Studio Solution File, Format Version 12.00
# Visual Studio Version 17
VisualStudioVersion = 17.10.35013.160
MinimumVisualStudioVersion = 10.0.40219.1
Project("{FAE04EC0-301F-11D3-BF4B-00C04F79EFBC}") = "GPA_APP", "GPA_APP.csproj", "{D799388F-4A0B-4A30-B756-B6351DFB4DE7}"
EndProject
Global
	GlobalSection(SolutionConfigurationPlatforms) = preSolution
		Debug|Any CPU = Debug|Any CPU
		Release|Any CPU = Release|Any CPU
	EndGlobalSection
	GlobalSection(ProjectConfigurationPlatforms) = postSolution
		{D799388F-4A0B-4A30-B756-B6351DFB4DE7}.Debug|Any CPU.ActiveCfg = Debug|Any CPU
		{D799388F-4A0B-4A30-B756-B6351DFB4DE7}.Debug|Any CPU.Build.0 = Debug|Any CPU
		{D799388F-4A0B-4A30-B756-B6351DFB4DE7}.Release|Any CPU.ActiveCfg = Release|Any CPU
		{D799388F-4A0B-4A30-B756-B6351DFB4DE7}.Release|Any CPU.Build.0 = Release|Any CPU
	EndGlobalSection
	GlobalSection(SolutionProperties) = preSolution
		HideSolutionNode = FALSE
	EndGlobalSection
	GlobalSection(ExtensibilityGlobals) = postSolution
		SolutionGuid = {2D0D34DA-36A0-4EE8-8A59-C2EDB9DD1CAC}
	EndGlobalSection
EndGlobal
